<?xml version="1.0" encoding="utf-8"?>
<Project ToolsVersion="4.0" xmlns="http://schemas.microsoft.com/developer/msbuild/2003">
  <ItemGroup>
    <Filter Include="Source Files">
      <UniqueIdentifier>{4FC737F1-C7A5-4376-A066-2A32D752A2FF}</UniqueIdentifier>
      <Extensions>cpp;c;cc;cxx;def;odl;idl;hpj;bat;asm;asmx</Extensions>
    </Filter>
    <Filter Include="Header Files">
      <UniqueIdentifier>{93995380-89BD-4b04-88EB-625FBE52EBFB}</UniqueIdentifier>
      <Extensions>h;hpp;hxx;hm;inl;inc;xsd</Extensions>
    </Filter>
    <Filter Include="Resource Files">
      <UniqueIdentifier>{67DA6AB6-F800-4c08-8B7A-83BB121AAD01}</UniqueIdentifier>
      <Extensions>rc;ico;cur;bmp;dlg;rc2;rct;bin;rgs;gif;jpg;jpeg;jpe;resx;tiff;tif;png;wav;mfcribbon-ms</Extensions>
    </Filter>
    <Filter Include="Header Files\Music">
      <UniqueIdentifier>{aa77e426-db94-4a81-8bcc-7523a2791c59}</UniqueIdentifier>
    </Filter>
    <Filter Include="Header Files\MML">
      <UniqueIdentifier>{8ad6734a-d88e-4804-8dd7-7cbcca0fae0c}</UniqueIdentifier>
    </Filter>
    <Filter Include="Header Files\Utility">
      <UniqueIdentifier>{6fb9062c-9640-4bc6-afe9-6e297165bdf0}</UniqueIdentifier>
    </Filter>
    <Filter Include="Header Files\Binary">
      <UniqueIdentifier>{7648e274-1a2c-4e2b-a8fc-d7bb2a038859}</UniqueIdentifier>
    </Filter>
    <Filter Include="Source Files\MML">
      <UniqueIdentifier>{509f9eea-9ae4-4006-8ef1-9d9729218ed4}</UniqueIdentifier>
    </Filter>
    <Filter Include="Header Files\MML\Lexers">
      <UniqueIdentifier>{435aa14c-3e4e-439b-9664-cac487d324c0}</UniqueIdentifier>
    </Filter>
  </ItemGroup>
  <ItemGroup>
    <ClInclude Include="D:\C++\lodepng\lodepng.h">
      <Filter>Header Files</Filter>
    </ClInclude>
    <ClInclude Include="..\globals.h">
      <Filter>Header Files</Filter>
    </ClInclude>
    <ClInclude Include="..\Music.h">
      <Filter>Header Files</Filter>
    </ClInclude>
    <ClInclude Include="..\Sample.h">
      <Filter>Header Files</Filter>
    </ClInclude>
    <ClInclude Include="..\SoundEffect.h">
      <Filter>Header Files</Filter>
    </ClInclude>
    <ClInclude Include="..\SampleGroup.h">
      <Filter>Header Files</Filter>
    </ClInclude>
    <ClInclude Include="..\BankDefine.h">
      <Filter>Header Files</Filter>
    </ClInclude>
    <ClInclude Include="..\asardll.h">
      <Filter>Header Files</Filter>
    </ClInclude>
    <ClInclude Include="..\Utility\Trie.h">
      <Filter>Header Files\Utility</Filter>
    </ClInclude>
    <ClInclude Include="..\MML\SourceFile.h">
      <Filter>Header Files\MML</Filter>
    </ClInclude>
    <ClInclude Include="..\Utility\Exception.h">
      <Filter>Header Files\Utility</Filter>
    </ClInclude>
    <ClInclude Include="..\Binary\Defines.h">
      <Filter>Header Files\Binary</Filter>
    </ClInclude>
    <ClInclude Include="..\Utility\fs.h">
      <Filter>Header Files\Utility</Filter>
    </ClInclude>
    <ClInclude Include="..\Music\SongBase.h">
      <Filter>Header Files\Music</Filter>
    </ClInclude>
    <ClInclude Include="..\MML\Preprocessor.h">
      <Filter>Header Files\MML</Filter>
    </ClInclude>
    <ClInclude Include="..\MML\Duration.h">
      <Filter>Header Files\MML</Filter>
    </ClInclude>
    <ClInclude Include="..\MML\Lexers\Multi.h">
      <Filter>Header Files\MML\Lexers</Filter>
    </ClInclude>
    <ClInclude Include="..\MML\Lexer.h">
      <Filter>Header Files\MML\Lexers</Filter>
    </ClInclude>
    <ClInclude Include="..\MML\Lexers\Select.h">
      <Filter>Header Files\MML\Lexers</Filter>
    </ClInclude>
    <ClInclude Include="..\MML\Tokenizer.h">
      <Filter>Header Files\MML\Lexers</Filter>
    </ClInclude>
    <ClInclude Include="..\MML\Lexers\Option.h">
      <Filter>Header Files\MML\Lexers</Filter>
    </ClInclude>
    <ClInclude Include="..\MML\Accidental.h">
      <Filter>Header Files\MML</Filter>
    </ClInclude>
    <ClInclude Include="..\MML\Lexers\Core.h">
      <Filter>Header Files\MML\Lexers</Filter>
    </ClInclude>
  </ItemGroup>
  <ItemGroup>
    <ClCompile Include="D:\C++\lodepng\lodepng.cpp">
      <Filter>Source Files</Filter>
    </ClCompile>
    <ClCompile Include="..\AddmusicK.cpp">
      <Filter>Source Files</Filter>
    </ClCompile>
    <ClCompile Include="..\globals.cpp">
      <Filter>Source Files</Filter>
    </ClCompile>
    <ClCompile Include="..\SoundEffect.cpp">
      <Filter>Source Files</Filter>
    </ClCompile>
    <ClCompile Include="..\Music.cpp">
      <Filter>Source Files</Filter>
    </ClCompile>
    <ClCompile Include="..\asardll.c">
      <Filter>Source Files</Filter>
    </ClCompile>
    <ClCompile Include="..\MML\Lexer.cpp">
      <Filter>Source Files\MML</Filter>
    </ClCompile>
    <ClCompile Include="..\MML\SourceFile.cpp">
      <Filter>Source Files\MML</Filter>
    </ClCompile>
    <ClCompile Include="..\MML\Preprocessor.cpp">
      <Filter>Source Files\MML</Filter>
    </ClCompile>
    <ClCompile Include="..\MML\Duration.cpp">
      <Filter>Source Files\MML</Filter>
    </ClCompile>
  </ItemGroup>
</Project>